// !$*UTF8*$!
{
	archiveVersion = 1;
	classes = {
	};
	objectVersion = 46;
	objects = {

/* Begin PBXBuildFile section */
		6B6FADDE1CC0CD5E006D6CCA /* AppDelegate.swift in Sources */ = {isa = PBXBuildFile; fileRef = 6B6FADDD1CC0CD5E006D6CCA /* AppDelegate.swift */; };
		6B6FADE01CC0CD5E006D6CCA /* ViewController.swift in Sources */ = {isa = PBXBuildFile; fileRef = 6B6FADDF1CC0CD5E006D6CCA /* ViewController.swift */; };
		6B6FADE31CC0CD5E006D6CCA /* Main.storyboard in Resources */ = {isa = PBXBuildFile; fileRef = 6B6FADE11CC0CD5E006D6CCA /* Main.storyboard */; };
		6B6FADE51CC0CD5E006D6CCA /* Assets.xcassets in Resources */ = {isa = PBXBuildFile; fileRef = 6B6FADE41CC0CD5E006D6CCA /* Assets.xcassets */; };
		6B6FADE81CC0CD5E006D6CCA /* LaunchScreen.storyboard in Resources */ = {isa = PBXBuildFile; fileRef = 6B6FADE61CC0CD5E006D6CCA /* LaunchScreen.storyboard */; };
		6B6FADF71CC0CE6C006D6CCA /* EHSharecode.framework in Frameworks */ = {isa = PBXBuildFile; fileRef = 6B6FADF41CC0CE2E006D6CCA /* EHSharecode.framework */; };
		6B6FADF81CC0CE6C006D6CCA /* EHSharecode.framework in Embed Frameworks */ = {isa = PBXBuildFile; fileRef = 6B6FADF41CC0CE2E006D6CCA /* EHSharecode.framework */; settings = {ATTRIBUTES = (CodeSignOnCopy, RemoveHeadersOnCopy, ); }; };
/* End PBXBuildFile section */

/* Begin PBXContainerItemProxy section */
		6B6FADF31CC0CE2E006D6CCA /* PBXContainerItemProxy */ = {
			isa = PBXContainerItemProxy;
			containerPortal = 6B6FADEF1CC0CE2E006D6CCA /* EHSharecode.xcodeproj */;
			proxyType = 2;
			remoteGlobalIDString = 6B656F411C95692100E7CA9E;
			remoteInfo = EHSharecode;
		};
		6B6FADF91CC0CE6C006D6CCA /* PBXContainerItemProxy */ = {
			isa = PBXContainerItemProxy;
			containerPortal = 6B6FADEF1CC0CE2E006D6CCA /* EHSharecode.xcodeproj */;
			proxyType = 1;
			remoteGlobalIDString = 6B656F401C95692100E7CA9E;
			remoteInfo = EHSharecode;
		};
/* End PBXContainerItemProxy section */

/* Begin PBXCopyFilesBuildPhase section */
		6B6FADFB1CC0CE6C006D6CCA /* Embed Frameworks */ = {
			isa = PBXCopyFilesBuildPhase;
			buildActionMask = 2147483647;
			dstPath = "";
			dstSubfolderSpec = 10;
			files = (
				6B6FADF81CC0CE6C006D6CCA /* EHSharecode.framework in Embed Frameworks */,
			);
			name = "Embed Frameworks";
			runOnlyForDeploymentPostprocessing = 0;
		};
/* End PBXCopyFilesBuildPhase section */

/* Begin PBXFileReference section */
		6B6FADDA1CC0CD5D006D6CCA /* ProjectC.app */ = {isa = PBXFileReference; explicitFileType = wrapper.application; includeInIndex = 0; path = ProjectC.app; sourceTree = BUILT_PRODUCTS_DIR; };
		6B6FADDD1CC0CD5E006D6CCA /* AppDelegate.swift */ = {isa = PBXFileReference; lastKnownFileType = sourcecode.swift; path = AppDelegate.swift; sourceTree = "<group>"; };
		6B6FADDF1CC0CD5E006D6CCA /* ViewController.swift */ = {isa = PBXFileReference; lastKnownFileType = sourcecode.swift; path = ViewController.swift; sourceTree = "<group>"; };
		6B6FADE21CC0CD5E006D6CCA /* Base */ = {isa = PBXFileReference; lastKnownFileType = file.storyboard; name = Base; path = Base.lproj/Main.storyboard; sourceTree = "<group>"; };
		6B6FADE41CC0CD5E006D6CCA /* Assets.xcassets */ = {isa = PBXFileReference; lastKnownFileType = folder.assetcatalog; path = Assets.xcassets; sourceTree = "<group>"; };
		6B6FADE71CC0CD5E006D6CCA /* Base */ = {isa = PBXFileReference; lastKnownFileType = file.storyboard; name = Base; path = Base.lproj/LaunchScreen.storyboard; sourceTree = "<group>"; };
		6B6FADE91CC0CD5E006D6CCA /* Info.plist */ = {isa = PBXFileReference; lastKnownFileType = text.plist.xml; path = Info.plist; sourceTree = "<group>"; };
		6B6FADEF1CC0CE2E006D6CCA /* EHSharecode.xcodeproj */ = {isa = PBXFileReference; lastKnownFileType = "wrapper.pb-project"; name = EHSharecode.xcodeproj; path = ../EHSharecode/EHSharecode.xcodeproj; sourceTree = "<group>"; };
/* End PBXFileReference section */

/* Begin PBXFrameworksBuildPhase section */
		6B6FADD71CC0CD5D006D6CCA /* Frameworks */ = {
			isa = PBXFrameworksBuildPhase;
			buildActionMask = 2147483647;
			files = (
				6B6FADF71CC0CE6C006D6CCA /* EHSharecode.framework in Frameworks */,
			);
			runOnlyForDeploymentPostprocessing = 0;
		};
/* End PBXFrameworksBuildPhase section */

/* Begin PBXGroup section */
		6B6FADD11CC0CD5D006D6CCA = {
			isa = PBXGroup;
			children = (
				6B6FADEF1CC0CE2E006D6CCA /* EHSharecode.xcodeproj */,
				6B6FADDC1CC0CD5E006D6CCA /* ProjectC */,
				6B6FADDB1CC0CD5D006D6CCA /* Products */,
			);
			sourceTree = "<group>";
		};
		6B6FADDB1CC0CD5D006D6CCA /* Products */ = {
			isa = PBXGroup;
			children = (
				6B6FADDA1CC0CD5D006D6CCA /* ProjectC.app */,
			);
			name = Products;
			sourceTree = "<group>";
		};
		6B6FADDC1CC0CD5E006D6CCA /* ProjectC */ = {
			isa = PBXGroup;
			children = (
				6B6FADDD1CC0CD5E006D6CCA /* AppDelegate.swift */,
				6B6FADDF1CC0CD5E006D6CCA /* ViewController.swift */,
				6B6FADE11CC0CD5E006D6CCA /* Main.storyboard */,
				6B6FADE41CC0CD5E006D6CCA /* Assets.xcassets */,
				6B6FADE61CC0CD5E006D6CCA /* LaunchScreen.storyboard */,
				6B6FADE91CC0CD5E006D6CCA /* Info.plist */,
			);
			path = ProjectC;
			sourceTree = "<group>";
		};
		6B6FADF01CC0CE2E006D6CCA /* Products */ = {
			isa = PBXGroup;
			children = (
				6B6FADF41CC0CE2E006D6CCA /* EHSharecode.framework */,
			);
			name = Products;
			sourceTree = "<group>";
		};
/* End PBXGroup section */

/* Begin PBXNativeTarget section */
		6B6FADD91CC0CD5D006D6CCA /* ProjectC */ = {
			isa = PBXNativeTarget;
			buildConfigurationList = 6B6FADEC1CC0CD5E006D6CCA /* Build configuration list for PBXNativeTarget "ProjectC" */;
			buildPhases = (
				6B6FADD61CC0CD5D006D6CCA /* Sources */,
				6B6FADD71CC0CD5D006D6CCA /* Frameworks */,
				6B6FADD81CC0CD5D006D6CCA /* Resources */,
				6B6FADFB1CC0CE6C006D6CCA /* Embed Frameworks */,
			);
			buildRules = (
			);
			dependencies = (
				6B6FADFA1CC0CE6C006D6CCA /* PBXTargetDependency */,
			);
			name = ProjectC;
			productName = ProjectC;
			productReference = 6B6FADDA1CC0CD5D006D6CCA /* ProjectC.app */;
			productType = "com.apple.product-type.application";
		};
/* End PBXNativeTarget section */

/* Begin PBXProject section */
		6B6FADD21CC0CD5D006D6CCA /* Project object */ = {
			isa = PBXProject;
			attributes = {
				LastSwiftUpdateCheck = 0730;
				LastUpgradeCheck = 0730;
				ORGANIZATIONNAME = "E H";
				TargetAttributes = {
					6B6FADD91CC0CD5D006D6CCA = {
						CreatedOnToolsVersion = 7.3;
						DevelopmentTeam = TUJ8BF3V7Q;
						LastSwiftMigration = 0820;
					};
				};
			};
			buildConfigurationList = 6B6FADD51CC0CD5D006D6CCA /* Build configuration list for PBXProject "ProjectC" */;
			compatibilityVersion = "Xcode 3.2";
			developmentRegion = English;
			hasScannedForEncodings = 0;
			knownRegions = (
				en,
				Base,
			);
			mainGroup = 6B6FADD11CC0CD5D006D6CCA;
			productRefGroup = 6B6FADDB1CC0CD5D006D6CCA /* Products */;
			projectDirPath = "";
			projectReferences = (
				{
					ProductGroup = 6B6FADF01CC0CE2E006D6CCA /* Products */;
					ProjectRef = 6B6FADEF1CC0CE2E006D6CCA /* EHSharecode.xcodeproj */;
				},
			);
			projectRoot = "";
			targets = (
				6B6FADD91CC0CD5D006D6CCA /* ProjectC */,
			);
		};
/* End PBXProject section */

/* Begin PBXReferenceProxy section */
		6B6FADF41CC0CE2E006D6CCA /* EHSharecode.framework */ = {
			isa = PBXReferenceProxy;
			fileType = wrapper.framework;
			path = EHSharecode.framework;
			remoteRef = 6B6FADF31CC0CE2E006D6CCA /* PBXContainerItemProxy */;
			sourceTree = BUILT_PRODUCTS_DIR;
		};
/* End PBXReferenceProxy section */

/* Begin PBXResourcesBuildPhase section */
		6B6FADD81CC0CD5D006D6CCA /* Resources */ = {
			isa = PBXResourcesBuildPhase;
			buildActionMask = 2147483647;
			files = (
				6B6FADE81CC0CD5E006D6CCA /* LaunchScreen.storyboard in Resources */,
				6B6FADE51CC0CD5E006D6CCA /* Assets.xcassets in Resources */,
				6B6FADE31CC0CD5E006D6CCA /* Main.storyboard in Resources */,
			);
			runOnlyForDeploymentPostprocessing = 0;
		};
/* End PBXResourcesBuildPhase section */

/* Begin PBXSourcesBuildPhase section */
		6B6FADD61CC0CD5D006D6CCA /* Sources */ = {
			isa = PBXSourcesBuildPhase;
			buildActionMask = 2147483647;
			files = (
				6B6FADE01CC0CD5E006D6CCA /* ViewController.swift in Sources */,
				6B6FADDE1CC0CD5E006D6CCA /* AppDelegate.swift in Sources */,
			);
			runOnlyForDeploymentPostprocessing = 0;
		};
/* End PBXSourcesBuildPhase section */

/* Begin PBXTargetDependency section */
		6B6FADFA1CC0CE6C006D6CCA /* PBXTargetDependency */ = {
			isa = PBXTargetDependency;
			name = EHSharecode;
			targetProxy = 6B6FADF91CC0CE6C006D6CCA /* PBXContainerItemProxy */;
		};
/* End PBXTargetDependency section */

/* Begin PBXVariantGroup section */
		6B6FADE11CC0CD5E006D6CCA /* Main.storyboard */ = {
			isa = PBXVariantGroup;
			children = (
				6B6FADE21CC0CD5E006D6CCA /* Base */,
			);
			name = Main.storyboard;
			sourceTree = "<group>";
		};
		6B6FADE61CC0CD5E006D6CCA /* LaunchScreen.storyboard */ = {
			isa = PBXVariantGroup;
			children = (
				6B6FADE71CC0CD5E006D6CCA /* Base */,
			);
			name = LaunchScreen.storyboard;
			sourceTree = "<group>";
		};
/* End PBXVariantGroup section */

/* Begin XCBuildConfiguration section */
		6B6FADEA1CC0CD5E006D6CCA /* Debug */ = {
			isa = XCBuildConfiguration;
			buildSettings = {
				ALWAYS_SEARCH_USER_PATHS = NO;
				CLANG_ANALYZER_NONNULL = YES;
				CLANG_CXX_LANGUAGE_STANDARD = "gnu++0x";
				CLANG_CXX_LIBRARY = "libc++";
				CLANG_ENABLE_MODULES = YES;
				CLANG_ENABLE_OBJC_ARC = YES;
				CLANG_WARN_BOOL_CONVERSION = YES;
				CLANG_WARN_CONSTANT_CONVERSION = YES;
				CLANG_WARN_DIRECT_OBJC_ISA_USAGE = YES_ERROR;
				CLANG_WARN_EMPTY_BODY = YES;
				CLANG_WARN_ENUM_CONVERSION = YES;
				CLANG_WARN_INT_CONVERSION = YES;
				CLANG_WARN_OBJC_ROOT_CLASS = YES_ERROR;
				CLANG_WARN_UNREACHABLE_CODE = YES;
				CLANG_WARN__DUPLICATE_METHOD_MATCH = YES;
				"CODE_SIGN_IDENTITY[sdk=iphoneos*]" = "iPhone Developer";
				COPY_PHASE_STRIP = NO;
				DEBUG_INFORMATION_FORMAT = dwarf;
				ENABLE_STRICT_OBJC_MSGSEND = YES;
				ENABLE_TESTABILITY = YES;
				GCC_C_LANGUAGE_STANDARD = gnu99;
				GCC_DYNAMIC_NO_PIC = NO;
				GCC_NO_COMMON_BLOCKS = YES;
				GCC_OPTIMIZATION_LEVEL = 0;
				GCC_PREPROCESSOR_DEFINITIONS = (
					"DEBUG=1",
					"$(inherited)",
				);
				GCC_WARN_64_TO_32_BIT_CONVERSION = YES;
				GCC_WARN_ABOUT_RETURN_TYPE = YES_ERROR;
				GCC_WARN_UNDECLARED_SELECTOR = YES;
				GCC_WARN_UNINITIALIZED_AUTOS = YES_AGGRESSIVE;
				GCC_WARN_UNUSED_FUNCTION = YES;
				GCC_WARN_UNUSED_VARIABLE = YES;
				IPHONEOS_DEPLOYMENT_TARGET = 9.3;
				MTL_ENABLE_DEBUG_INFO = YES;
				ONLY_ACTIVE_ARCH = YES;
				SDKROOT = iphoneos;
				SWIFT_OPTIMIZATION_LEVEL = "-Onone";
				TARGETED_DEVICE_FAMILY = "1,2";
			};
			name = Debug;
		};
		6B6FADEB1CC0CD5E006D6CCA /* Release */ = {
			isa = XCBuildConfiguration;
			buildSettings = {
				ALWAYS_SEARCH_USER_PATHS = NO;
				CLANG_ANALYZER_NONNULL = YES;
				CLANG_CXX_LANGUAGE_STANDARD = "gnu++0x";
				CLANG_CXX_LIBRARY = "libc++";
				CLANG_ENABLE_MODULES = YES;
				CLANG_ENABLE_OBJC_ARC = YES;
				CLANG_WARN_BOOL_CONVERSION = YES;
				CLANG_WARN_CONSTANT_CONVERSION = YES;
				CLANG_WARN_DIRECT_OBJC_ISA_USAGE = YES_ERROR;
				CLANG_WARN_EMPTY_BODY = YES;
				CLANG_WARN_ENUM_CONVERSION = YES;
				CLANG_WARN_INT_CONVERSION = YES;
				CLANG_WARN_OBJC_ROOT_CLASS = YES_ERROR;
				CLANG_WARN_UNREACHABLE_CODE = YES;
				CLANG_WARN__DUPLICATE_METHOD_MATCH = YES;
				"CODE_SIGN_IDENTITY[sdk=iphoneos*]" = "iPhone Developer";
				COPY_PHASE_STRIP = NO;
				DEBUG_INFORMATION_FORMAT = "dwarf-with-dsym";
				ENABLE_NS_ASSERTIONS = NO;
				ENABLE_STRICT_OBJC_MSGSEND = YES;
				GCC_C_LANGUAGE_STANDARD = gnu99;
				GCC_NO_COMMON_BLOCKS = YES;
				GCC_WARN_64_TO_32_BIT_CONVERSION = YES;
				GCC_WARN_ABOUT_RETURN_TYPE = YES_ERROR;
				GCC_WARN_UNDECLARED_SELECTOR = YES;
				GCC_WARN_UNINITIALIZED_AUTOS = YES_AGGRESSIVE;
				GCC_WARN_UNUSED_FUNCTION = YES;
				GCC_WARN_UNUSED_VARIABLE = YES;
				IPHONEOS_DEPLOYMENT_TARGET = 9.3;
				MTL_ENABLE_DEBUG_INFO = NO;
				SDKROOT = iphoneos;
				TARGETED_DEVICE_FAMILY = "1,2";
				VALIDATE_PRODUCT = YES;
			};
			name = Release;
		};
		6B6FADED1CC0CD5E006D6CCA /* Debug */ = {
			isa = XCBuildConfiguration;
			buildSettings = {
				ASSETCATALOG_COMPILER_APPICON_NAME = AppIcon;
				DEVELOPMENT_TEAM = TUJ8BF3V7Q;
				EMBEDDED_CONTENT_CONTAINS_SWIFT = YES;
				INFOPLIST_FILE = ProjectC/Info.plist;
				IPHONEOS_DEPLOYMENT_TARGET = 8.0;
				LD_RUNPATH_SEARCH_PATHS = "$(inherited) @executable_path/Frameworks";
				PRODUCT_BUNDLE_IDENTIFIER = com.elabvision.ProjectC;
				PRODUCT_NAME = "$(TARGET_NAME)";
				SWIFT_VERSION = 3.0;
			};
			name = Debug;
		};
		6B6FADEE1CC0CD5E006D6CCA /* Release */ = {
			isa = XCBuildConfiguration;
			buildSettings = {
				ASSETCATALOG_COMPILER_APPICON_NAME = AppIcon;
				DEVELOPMENT_TEAM = TUJ8BF3V7Q;
				EMBEDDED_CONTENT_CONTAINS_SWIFT = YES;
				INFOPLIST_FILE = ProjectC/Info.plist;
				IPHONEOS_DEPLOYMENT_TARGET = 8.0;
				LD_RUNPATH_SEARCH_PATHS = "$(inherited) @executable_path/Frameworks";
				PRODUCT_BUNDLE_IDENTIFIER = com.elabvision.ProjectC;
				PRODUCT_NAME = "$(TARGET_NAME)";
				SWIFT_VERSION = 3.0;
			};
			name = Release;
		};
/* End XCBuildConfiguration section */

/* Begin XCConfigurationList section */
		6B6FADD51CC0CD5D006D6CCA /* Build configuration list for PBXProject "ProjectC" */ = {
			isa = XCConfigurationList;
			buildConfigurations = (
				6B6FADEA1CC0CD5E006D6CCA /* Debug */,
				6B6FADEB1CC0CD5E006D6CCA /* Release */,
			);
			defaultConfigurationIsVisible = 0;
			defaultConfigurationName = Release;
		};
		6B6FADEC1CC0CD5E006D6CCA /* Build configuration list for PBXNativeTarget "ProjectC" */ = {
			isa = XCConfigurationList;
			buildConfigurations = (
				6B6FADED1CC0CD5E006D6CCA /* Debug */,
				6B6FADEE1CC0CD5E006D6CCA /* Release */,
			);
			defaultConfigurationIsVisible = 0;
			defaultConfigurationName = Release;
		};
/* End XCConfigurationList section */
	};
	rootObject = 6B6FADD21CC0CD5D006D6CCA /* Project object */;
}
